
Microsoft Visual Studio Solution File, Format Version 12.00
# Visual Studio Version 16
VisualStudioVersion = 16.0.28407.52
MinimumVisualStudioVersion = 10.0.40219.1
Project("{FAE04EC0-301F-11D3-BF4B-00C04F79EFBC}") = "UIDChecker", "UIDChecker.csproj", "{3E3036E5-FB2A-44F1-BBB5-0C71E16B9C16}"
EndProject
Global
	GlobalSection(SolutionConfigurationPlatforms) = preSolution
		Debug|Any CPU = Debug|Any CPU
		Release|Any CPU = Release|Any CPU
	EndGlobalSection
	GlobalSection(ProjectConfigurationPlatforms) = postSolution
		{3E3036E5-FB2A-44F1-BBB5-0C71E16B9C16}.Debug|Any CPU.ActiveCfg = Debug|Any CPU
		{3E3036E5-FB2A-44F1-BBB5-0C71E16B9C16}.Debug|Any CPU.Build.0 = Debug|Any CPU
		{3E3036E5-FB2A-44F1-BBB5-0C71E16B9C16}.Release|Any CPU.ActiveCfg = Release|Any CPU
		{3E3036E5-FB2A-44F1-BBB5-0C71E16B9C16}.Release|Any CPU.Build.0 = Release|Any CPU
	EndGlobalSection
	GlobalSection(SolutionProperties) = preSolution
		HideSolutionNode = FALSE
	EndGlobalSection
	GlobalSection(ExtensibilityGlobals) = postSolution
		SolutionGuid = {101C10FA-9672-4357-B6D0-B631E065C4C1}
	EndGlobalSection
EndGlobal
